
Microsoft Visual Studio Solution File, Format Version 12.00
# Visual Studio 2012
Project("{FAE04EC0-301F-11D3-BF4B-00C04F79EFBC}") = "JenkinsApp", "JenkinsApp\JenkinsApp.csproj", "{D705F4C9-D74D-464E-9BFB-8AF9B12C75B4}"
EndProject
Project("{FAE04EC0-301F-11D3-BF4B-00C04F79EFBC}") = "JenkinsApp.iOS", "iOS\JenkinsApp.iOS.csproj", "{12F0C800-77AB-41AC-AD30-9D3930D64B80}"
EndProject
Project("{FAE04EC0-301F-11D3-BF4B-00C04F79EFBC}") = "JenkinsApp.Droid", "Droid\JenkinsApp.Droid.csproj", "{CBC698FD-914F-4454-9C2E-423C4B32E57A}"
EndProject
Global
	GlobalSection(SolutionConfigurationPlatforms) = preSolution
		Debug|Any CPU = Debug|Any CPU
		Release|Any CPU = Release|Any CPU
		Debug|iPhoneSimulator = Debug|iPhoneSimulator
		Release|iPhone = Release|iPhone
		Release|iPhoneSimulator = Release|iPhoneSimulator
		Debug|iPhone = Debug|iPhone
	EndGlobalSection
	GlobalSection(ProjectConfigurationPlatforms) = postSolution
		{D705F4C9-D74D-464E-9BFB-8AF9B12C75B4}.Debug|Any CPU.ActiveCfg = Debug|Any CPU
		{D705F4C9-D74D-464E-9BFB-8AF9B12C75B4}.Debug|Any CPU.Build.0 = Debug|Any CPU
		{D705F4C9-D74D-464E-9BFB-8AF9B12C75B4}.Release|Any CPU.ActiveCfg = Release|Any CPU
		{D705F4C9-D74D-464E-9BFB-8AF9B12C75B4}.Release|Any CPU.Build.0 = Release|Any CPU
		{D705F4C9-D74D-464E-9BFB-8AF9B12C75B4}.Debug|iPhoneSimulator.ActiveCfg = Debug|Any CPU
		{D705F4C9-D74D-464E-9BFB-8AF9B12C75B4}.Debug|iPhoneSimulator.Build.0 = Debug|Any CPU
		{D705F4C9-D74D-464E-9BFB-8AF9B12C75B4}.Release|iPhone.ActiveCfg = Release|Any CPU
		{D705F4C9-D74D-464E-9BFB-8AF9B12C75B4}.Release|iPhone.Build.0 = Release|Any CPU
		{D705F4C9-D74D-464E-9BFB-8AF9B12C75B4}.Release|iPhoneSimulator.ActiveCfg = Release|Any CPU
		{D705F4C9-D74D-464E-9BFB-8AF9B12C75B4}.Release|iPhoneSimulator.Build.0 = Release|Any CPU
		{D705F4C9-D74D-464E-9BFB-8AF9B12C75B4}.Debug|iPhone.ActiveCfg = Debug|Any CPU
		{D705F4C9-D74D-464E-9BFB-8AF9B12C75B4}.Debug|iPhone.Build.0 = Debug|Any CPU
		{12F0C800-77AB-41AC-AD30-9D3930D64B80}.Debug|Any CPU.ActiveCfg = Debug|iPhoneSimulator
		{12F0C800-77AB-41AC-AD30-9D3930D64B80}.Debug|Any CPU.Build.0 = Debug|iPhoneSimulator
		{12F0C800-77AB-41AC-AD30-9D3930D64B80}.Release|Any CPU.ActiveCfg = Release|iPhone
		{12F0C800-77AB-41AC-AD30-9D3930D64B80}.Release|Any CPU.Build.0 = Release|iPhone
		{12F0C800-77AB-41AC-AD30-9D3930D64B80}.Debug|iPhoneSimulator.ActiveCfg = Debug|iPhoneSimulator
		{12F0C800-77AB-41AC-AD30-9D3930D64B80}.Debug|iPhoneSimulator.Build.0 = Debug|iPhoneSimulator
		{12F0C800-77AB-41AC-AD30-9D3930D64B80}.Release|iPhone.ActiveCfg = Release|iPhone
		{12F0C800-77AB-41AC-AD30-9D3930D64B80}.Release|iPhone.Build.0 = Release|iPhone
		{12F0C800-77AB-41AC-AD30-9D3930D64B80}.Release|iPhoneSimulator.ActiveCfg = Release|iPhoneSimulator
		{12F0C800-77AB-41AC-AD30-9D3930D64B80}.Release|iPhoneSimulator.Build.0 = Release|iPhoneSimulator
		{12F0C800-77AB-41AC-AD30-9D3930D64B80}.Debug|iPhone.ActiveCfg = Debug|iPhone
		{12F0C800-77AB-41AC-AD30-9D3930D64B80}.Debug|iPhone.Build.0 = Debug|iPhone
		{CBC698FD-914F-4454-9C2E-423C4B32E57A}.Debug|Any CPU.ActiveCfg = Debug|Any CPU
		{CBC698FD-914F-4454-9C2E-423C4B32E57A}.Debug|Any CPU.Build.0 = Debug|Any CPU
		{CBC698FD-914F-4454-9C2E-423C4B32E57A}.Release|Any CPU.ActiveCfg = Release|Any CPU
		{CBC698FD-914F-4454-9C2E-423C4B32E57A}.Release|Any CPU.Build.0 = Release|Any CPU
		{CBC698FD-914F-4454-9C2E-423C4B32E57A}.Debug|iPhoneSimulator.ActiveCfg = Debug|Any CPU
		{CBC698FD-914F-4454-9C2E-423C4B32E57A}.Debug|iPhoneSimulator.Build.0 = Debug|Any CPU
		{CBC698FD-914F-4454-9C2E-423C4B32E57A}.Release|iPhone.ActiveCfg = Release|Any CPU
		{CBC698FD-914F-4454-9C2E-423C4B32E57A}.Release|iPhone.Build.0 = Release|Any CPU
		{CBC698FD-914F-4454-9C2E-423C4B32E57A}.Release|iPhoneSimulator.ActiveCfg = Release|Any CPU
		{CBC698FD-914F-4454-9C2E-423C4B32E57A}.Release|iPhoneSimulator.Build.0 = Release|Any CPU
		{CBC698FD-914F-4454-9C2E-423C4B32E57A}.Debug|iPhone.ActiveCfg = Debug|Any CPU
		{CBC698FD-914F-4454-9C2E-423C4B32E57A}.Debug|iPhone.Build.0 = Debug|Any CPU
	EndGlobalSection
EndGlobal
